
Microsoft Visual Studio Solution File, Format Version 12.00
# Visual Studio Version 16
VisualStudioVersion = 16.0.32228.343
MinimumVisualStudioVersion = 10.0.40219.1
Project("{FAE04EC0-301F-11D3-BF4B-00C04F79EFBC}") = "PizzaShop.Models", "PizzaShop.Models\PizzaShop.Models.csproj", "{AB6BD23A-EEF3-4CAC-8D6F-E107A6D43868}"
EndProject
Global
	GlobalSection(SolutionConfigurationPlatforms) = preSolution
		Debug|Any CPU = Debug|Any CPU
		Release|Any CPU = Release|Any CPU
	EndGlobalSection
	GlobalSection(ProjectConfigurationPlatforms) = postSolution
		{AB6BD23A-EEF3-4CAC-8D6F-E107A6D43868}.Debug|Any CPU.ActiveCfg = Debug|Any CPU
		{AB6BD23A-EEF3-4CAC-8D6F-E107A6D43868}.Debug|Any CPU.Build.0 = Debug|Any CPU
		{AB6BD23A-EEF3-4CAC-8D6F-E107A6D43868}.Release|Any CPU.ActiveCfg = Release|Any CPU
		{AB6BD23A-EEF3-4CAC-8D6F-E107A6D43868}.Release|Any CPU.Build.0 = Release|Any CPU
	EndGlobalSection
	GlobalSection(SolutionProperties) = preSolution
		HideSolutionNode = FALSE
	EndGlobalSection
	GlobalSection(ExtensibilityGlobals) = postSolution
		SolutionGuid = {BFEC9FBF-69D4-4672-8E17-3B03C3BBF4B3}
	EndGlobalSection
EndGlobal
